
Microsoft Visual Studio Solution File, Format Version 12.00
# Visual Studio Version 17
VisualStudioVersion = 17.3.32922.545
MinimumVisualStudioVersion = 10.0.40219.1
Project("{FAE04EC0-301F-11D3-BF4B-00C04F79EFBC}") = "Nov15", "Nov15\Nov15.csproj", "{DF929402-1EA5-4ABD-AF3F-B56BD0B57B81}"
EndProject
Global
	GlobalSection(SolutionConfigurationPlatforms) = preSolution
		Debug|Any CPU = Debug|Any CPU
		Release|Any CPU = Release|Any CPU
	EndGlobalSection
	GlobalSection(ProjectConfigurationPlatforms) = postSolution
		{DF929402-1EA5-4ABD-AF3F-B56BD0B57B81}.Debug|Any CPU.ActiveCfg = Debug|Any CPU
		{DF929402-1EA5-4ABD-AF3F-B56BD0B57B81}.Debug|Any CPU.Build.0 = Debug|Any CPU
		{DF929402-1EA5-4ABD-AF3F-B56BD0B57B81}.Release|Any CPU.ActiveCfg = Release|Any CPU
		{DF929402-1EA5-4ABD-AF3F-B56BD0B57B81}.Release|Any CPU.Build.0 = Release|Any CPU
	EndGlobalSection
	GlobalSection(SolutionProperties) = preSolution
		HideSolutionNode = FALSE
	EndGlobalSection
	GlobalSection(ExtensibilityGlobals) = postSolution
		SolutionGuid = {8C025581-E8EE-4C40-BAD4-87D77F0811A8}
	EndGlobalSection
EndGlobal
